
Microsoft Visual Studio Solution File, Format Version 12.00
# Visual Studio Version 16
VisualStudioVersion = 16.0.30011.22
MinimumVisualStudioVersion = 10.0.40219.1
Project("{888888A0-9F3D-457C-B088-3A5042F75D52}") = "CodeRunnerGenerator", "CodeRunnerGenerator.pyproj", "{BFD1A012-58FF-420C-9BAE-5B9C1F5C32EF}"
EndProject
Global
	GlobalSection(SolutionConfigurationPlatforms) = preSolution
		Debug|Any CPU = Debug|Any CPU
		Release|Any CPU = Release|Any CPU
	EndGlobalSection
	GlobalSection(ProjectConfigurationPlatforms) = postSolution
		{BFD1A012-58FF-420C-9BAE-5B9C1F5C32EF}.Debug|Any CPU.ActiveCfg = Debug|Any CPU
		{BFD1A012-58FF-420C-9BAE-5B9C1F5C32EF}.Release|Any CPU.ActiveCfg = Release|Any CPU
	EndGlobalSection
	GlobalSection(SolutionProperties) = preSolution
		HideSolutionNode = FALSE
	EndGlobalSection
	GlobalSection(ExtensibilityGlobals) = postSolution
		SolutionGuid = {5711F81A-570B-4688-88E8-26A6AC3F18B8}
	EndGlobalSection
EndGlobal
